
Microsoft Visual Studio Solution File, Format Version 12.00
# Visual Studio Version 17
VisualStudioVersion = 17.14.36327.8 d17.14
MinimumVisualStudioVersion = 10.0.40219.1
Project("{FAE04EC0-301F-11D3-BF4B-00C04F79EFBC}") = "Pet-Management-Api", "src\Pet-Management-Api\Pet-Management-Api.csproj", "{B1876092-6A6A-475B-BAE7-60D322E992DF}"
EndProject
Global
	GlobalSection(SolutionConfigurationPlatforms) = preSolution
		Debug|Any CPU = Debug|Any CPU
		Release|Any CPU = Release|Any CPU
	EndGlobalSection
	GlobalSection(ProjectConfigurationPlatforms) = postSolution
		{B1876092-6A6A-475B-BAE7-60D322E992DF}.Debug|Any CPU.ActiveCfg = Debug|Any CPU
		{B1876092-6A6A-475B-BAE7-60D322E992DF}.Debug|Any CPU.Build.0 = Debug|Any CPU
		{B1876092-6A6A-475B-BAE7-60D322E992DF}.Release|Any CPU.ActiveCfg = Release|Any CPU
		{B1876092-6A6A-475B-BAE7-60D322E992DF}.Release|Any CPU.Build.0 = Release|Any CPU
	EndGlobalSection
	GlobalSection(SolutionProperties) = preSolution
		HideSolutionNode = FALSE
	EndGlobalSection
	GlobalSection(ExtensibilityGlobals) = postSolution
		SolutionGuid = {4DDBCBE1-DEFC-41EC-BD11-EBEB90F5B533}
	EndGlobalSection
EndGlobal
